
Microsoft Visual Studio Solution File, Format Version 12.00
# Visual Studio Version 17
VisualStudioVersion = 17.6.33815.320
MinimumVisualStudioVersion = 10.0.40219.1
Project("{FAE04EC0-301F-11D3-BF4B-00C04F79EFBC}") = "calcola sottoreti", "calcola sottoreti\calcola sottoreti.csproj", "{A2ED44A2-67B9-4A28-96AF-7F8048071271}"
EndProject
Global
	GlobalSection(SolutionConfigurationPlatforms) = preSolution
		Debug|Any CPU = Debug|Any CPU
		Release|Any CPU = Release|Any CPU
	EndGlobalSection
	GlobalSection(ProjectConfigurationPlatforms) = postSolution
		{A2ED44A2-67B9-4A28-96AF-7F8048071271}.Debug|Any CPU.ActiveCfg = Debug|Any CPU
		{A2ED44A2-67B9-4A28-96AF-7F8048071271}.Debug|Any CPU.Build.0 = Debug|Any CPU
		{A2ED44A2-67B9-4A28-96AF-7F8048071271}.Release|Any CPU.ActiveCfg = Release|Any CPU
		{A2ED44A2-67B9-4A28-96AF-7F8048071271}.Release|Any CPU.Build.0 = Release|Any CPU
	EndGlobalSection
	GlobalSection(SolutionProperties) = preSolution
		HideSolutionNode = FALSE
	EndGlobalSection
	GlobalSection(ExtensibilityGlobals) = postSolution
		SolutionGuid = {5AFE81AA-179B-46F1-8C7F-9714ED506751}
	EndGlobalSection
EndGlobal
